{
  "name": "chainlink-data-feeds",
  "version": "1.0.0",
  "lockfileVersion": 2,
  "requires": true,
  "packages": {
    "": {
      "name": "chainlink-data-feeds",
      "version": "1.0.0",
      "license": "ISC",
      "dependencies": {
        "@chainlink/contracts": "^0.4.1"
      }
    },
    "node_modules/@chainlink/contracts": {
      "version": "0.4.1",
      "resolved": "https://registry.npmjs.org/@chainlink/contracts/-/contracts-0.4.1.tgz",
      "integrity": "sha512-eC8biY6Ks8k9kZKVt5305veCP3z57yyiy6Os5aR6auta6Bp34xWQ/s4qvrifcW4FNgWw1HJPwMPXDGfiehcLjg=="
    }
  },
  "dependencies": {
    "@chainlink/contracts": {
      "version": "0.4.1",
      "resolved": "https://registry.npmjs.org/@chainlink/contracts/-/contracts-0.4.1.tgz",
      "integrity": "sha512-eC8biY6Ks8k9kZKVt5305veCP3z57yyiy6Os5aR6auta6Bp34xWQ/s4qvrifcW4FNgWw1HJPwMPXDGfiehcLjg=="
    }
  }
}
